{
    "_readme": [
        "This file locks the dependencies of your project to a known state",
        "Read more about it at https://getcomposer.org/doc/01-basic-usage.md#installing-dependencies",
        "This file is @generated automatically"
    ],
    "content-hash": "3201d817d7b2db84c5731c5f56c5b7c8",
    "packages": [
        {
            "name": "meyfa/php-svg",
            "version": "v0.12.0",
            "source": {
                "type": "git",
                "url": "https://github.com/meyfa/php-svg.git",
                "reference": "f6cc2fa743c4a2012cdec9143033f69eee3b501d"
            },
            "dist": {
                "type": "zip",
                "url": "https://api.github.com/repos/meyfa/php-svg/zipball/f6cc2fa743c4a2012cdec9143033f69eee3b501d",
                "reference": "f6cc2fa743c4a2012cdec9143033f69eee3b501d",
                "shasum": ""
            },
            "require": {
                "php": ">=5.3.3"
            },
            "require-dev": {
                "meyfa/phpunit-assert-gd": "^1.2",
                "phpmd/phpmd": "@stable",
                "phpunit/phpunit": "^4.8"
            },
            "suggest": {
                "ext-gd": "Needed to rasterize images",
                "ext-simplexml": "Needed to read SVG strings and files"
            },
            "type": "library",
            "autoload": {
                "psr-4": {
                    "SVG\\": "src/"
                }
            },
            "notification-url": "https://packagist.org/downloads/",
            "license": [
                "MIT"
            ],
            "authors": [
                {
                    "name": "Fabian Meyer",
                    "homepage": "http://meyfa.net"
                }
            ],
            "description": "Read, edit, write, and render SVG files with PHP",
            "homepage": "https://github.com/meyfa/php-svg",
            "keywords": [
                "svg"
            ],
            "support": {
                "issues": "https://github.com/meyfa/php-svg/issues",
                "source": "https://github.com/meyfa/php-svg/tree/v0.12.0"
            },
            "time": "2022-11-15T15:49:03+00:00"
        },
        {
            "name": "planetbiru/magic-app",
            "version": "3.1.0",
            "source": {
                "type": "git",
                "url": "https://github.com/Planetbiru/MagicApp.git",
                "reference": "5765ced8b4f436e23bb084ac2df49709a23a5e77"
            },
            "dist": {
                "type": "zip",
                "url": "https://api.github.com/repos/Planetbiru/MagicApp/zipball/5765ced8b4f436e23bb084ac2df49709a23a5e77",
                "reference": "5765ced8b4f436e23bb084ac2df49709a23a5e77",
                "shasum": ""
            },
            "require": {
                "planetbiru/magic-object": "3.1"
            },
            "type": "library",
            "autoload": {
                "psr-4": {
                    "MagicApp\\": "src/"
                }
            },
            "notification-url": "https://packagist.org/downloads/",
            "license": [
                "GPL-3.0-only"
            ],
            "authors": [
                {
                    "name": "Kamshory"
                }
            ],
            "description": "MagicApp",
            "support": {
                "issues": "https://github.com/Planetbiru/MagicApp/issues",
                "source": "https://github.com/Planetbiru/MagicApp/tree/3.1.0"
            },
            "time": "2025-02-12T11:13:11+00:00"
        },
        {
            "name": "planetbiru/magic-object",
            "version": "3.1.0",
            "source": {
                "type": "git",
                "url": "https://github.com/Planetbiru/MagicObject.git",
                "reference": "71096ed42c3aab785099edb228a5c577102e2204"
            },
            "dist": {
                "type": "zip",
                "url": "https://api.github.com/repos/Planetbiru/MagicObject/zipball/71096ed42c3aab785099edb228a5c577102e2204",
                "reference": "71096ed42c3aab785099edb228a5c577102e2204",
                "shasum": ""
            },
            "require": {
                "php": ">=5.4"
            },
            "type": "library",
            "autoload": {
                "psr-4": {
                    "MagicObject\\": "src/"
                }
            },
            "notification-url": "https://packagist.org/downloads/",
            "license": [
                "GPL-3.0-only"
            ],
            "authors": [
                {
                    "name": "Kamshory"
                }
            ],
            "description": "MagicObject",
            "support": {
                "issues": "https://github.com/Planetbiru/MagicObject/issues",
                "source": "https://github.com/Planetbiru/MagicObject/tree/3.1.0"
            },
            "time": "2025-02-12T10:10:57+00:00"
        }
    ],
    "packages-dev": [],
    "aliases": [],
    "minimum-stability": "stable",
    "stability-flags": [],
    "prefer-stable": false,
    "prefer-lowest": false,
    "platform": [],
    "platform-dev": [],
    "plugin-api-version": "2.6.0"
}
