{
    "_readme": [
        "This file locks the dependencies of your project to a known state",
        "Read more about it at https://getcomposer.org/doc/01-basic-usage.md#installing-dependencies",
        "This file is @generated automatically"
    ],
    "content-hash": "e695334eb535f14fedfcd4fa61403316",
    "packages": [
        {
            "name": "meyfa/php-svg",
            "version": "v0.9.0",
            "source": {
                "type": "git",
                "url": "https://github.com/meyfa/php-svg.git",
                "reference": "1680eca33c0e107439969650904ab08ecfe83603"
            },
            "dist": {
                "type": "zip",
                "url": "https://api.github.com/repos/meyfa/php-svg/zipball/1680eca33c0e107439969650904ab08ecfe83603",
                "reference": "1680eca33c0e107439969650904ab08ecfe83603",
                "shasum": ""
            },
            "require": {
                "ext-gd": "*",
                "php": ">=5.3.3"
            },
            "require-dev": {
                "meyfa/phpunit-assert-gd": "^1.1",
                "phpunit/phpunit": "^4.8"
            },
            "type": "library",
            "autoload": {
                "psr-4": {
                    "SVG\\": "src/"
                }
            },
            "notification-url": "https://packagist.org/downloads/",
            "license": [
                "MIT"
            ],
            "authors": [
                {
                    "name": "Fabian Meyer",
                    "homepage": "http://meyfa.net"
                }
            ],
            "description": "Read, edit, write, and render SVG files with PHP",
            "homepage": "https://github.com/meyfa/php-svg",
            "keywords": [
                "svg"
            ],
            "support": {
                "issues": "https://github.com/meyfa/php-svg/issues",
                "source": "https://github.com/meyfa/php-svg/tree/master"
            },
            "time": "2018-07-25T10:30:00+00:00"
        },
        {
            "name": "planetbiru/magic-app",
            "version": "3.9.0",
            "source": {
                "type": "git",
                "url": "https://github.com/Planetbiru/MagicApp.git",
                "reference": "b0a6f6b36c5b52ec1ab7ecdcf0c3db29578445c8"
            },
            "dist": {
                "type": "zip",
                "url": "https://api.github.com/repos/Planetbiru/MagicApp/zipball/b0a6f6b36c5b52ec1ab7ecdcf0c3db29578445c8",
                "reference": "b0a6f6b36c5b52ec1ab7ecdcf0c3db29578445c8",
                "shasum": ""
            },
            "require": {
                "php": ">=5.4",
                "planetbiru/magic-object": "^3.8"
            },
            "type": "library",
            "autoload": {
                "psr-4": {
                    "MagicApp\\": "src/"
                }
            },
            "notification-url": "https://packagist.org/downloads/",
            "license": [
                "GPL-3.0-only"
            ],
            "authors": [
                {
                    "name": "Kamshory"
                }
            ],
            "description": "MagicApp",
            "support": {
                "issues": "https://github.com/Planetbiru/MagicApp/issues",
                "source": "https://github.com/Planetbiru/MagicApp/tree/3.9.0"
            },
            "time": "2025-04-12T15:17:08+00:00"
        },
        {
            "name": "planetbiru/magic-object",
            "version": "3.9.0",
            "source": {
                "type": "git",
                "url": "https://github.com/Planetbiru/MagicObject.git",
                "reference": "34349b7ddd7b1e9ff60f3a7b0a839778c79f95b5"
            },
            "dist": {
                "type": "zip",
                "url": "https://api.github.com/repos/Planetbiru/MagicObject/zipball/34349b7ddd7b1e9ff60f3a7b0a839778c79f95b5",
                "reference": "34349b7ddd7b1e9ff60f3a7b0a839778c79f95b5",
                "shasum": ""
            },
            "require": {
                "php": ">=5.4"
            },
            "type": "library",
            "autoload": {
                "psr-4": {
                    "MagicObject\\": "src/"
                }
            },
            "notification-url": "https://packagist.org/downloads/",
            "license": [
                "GPL-3.0-only"
            ],
            "authors": [
                {
                    "name": "Kamshory"
                }
            ],
            "description": "MagicObject",
            "support": {
                "issues": "https://github.com/Planetbiru/MagicObject/issues",
                "source": "https://github.com/Planetbiru/MagicObject/tree/3.9.0"
            },
            "time": "2025-04-12T15:14:24+00:00"
        }
    ],
    "packages-dev": [],
    "aliases": [],
    "minimum-stability": "stable",
    "stability-flags": [],
    "prefer-stable": false,
    "prefer-lowest": false,
    "platform": [],
    "platform-dev": [],
    "plugin-api-version": "2.2.0"
}
